// !$*UTF8*$!
{
	archiveVersion = 1;
	classes = {
	};
	objectVersion = 77;
	objects = {

/* Begin PBXContainerItemProxy section */
		8A2E4C1E2D47C5E30067DEE6 /* PBXContainerItemProxy */ = {
			isa = PBXContainerItemProxy;
			containerPortal = 8A2E4C042D47C5E30067DEE6 /* Project object */;
			proxyType = 1;
			remoteGlobalIDString = 8A2E4C0B2D47C5E30067DEE6;
			remoteInfo = QuickCal;
		};
		8A2E4C282D47C5E30067DEE6 /* PBXContainerItemProxy */ = {
			isa = PBXContainerItemProxy;
			containerPortal = 8A2E4C042D47C5E30067DEE6 /* Project object */;
			proxyType = 1;
			remoteGlobalIDString = 8A2E4C0B2D47C5E30067DEE6;
			remoteInfo = QuickCal;
		};
/* End PBXContainerItemProxy section */

/* Begin PBXFileReference section */
		8A2E4C0C2D47C5E30067DEE6 /* QuickCal.app */ = {isa = PBXFileReference; explicitFileType = wrapper.application; includeInIndex = 0; path = QuickCal.app; sourceTree = BUILT_PRODUCTS_DIR; };
		8A2E4C1D2D47C5E30067DEE6 /* QuickCalTests.xctest */ = {isa = PBXFileReference; explicitFileType = wrapper.cfbundle; includeInIndex = 0; path = QuickCalTests.xctest; sourceTree = BUILT_PRODUCTS_DIR; };
		8A2E4C272D47C5E30067DEE6 /* QuickCalUITests.xctest */ = {isa = PBXFileReference; explicitFileType = wrapper.cfbundle; includeInIndex = 0; path = QuickCalUITests.xctest; sourceTree = BUILT_PRODUCTS_DIR; };
/* End PBXFileReference section */

/* Begin PBXFileSystemSynchronizedRootGroup section */
		8A2E4C0E2D47C5E30067DEE6 /* QuickCal */ = {
			isa = PBXFileSystemSynchronizedRootGroup;
			path = QuickCal;
			sourceTree = "<group>";
		};
		8A2E4C202D47C5E30067DEE6 /* QuickCalTests */ = {
			isa = PBXFileSystemSynchronizedRootGroup;
			path = QuickCalTests;
			sourceTree = "<group>";
		};
		8A2E4C2A2D47C5E30067DEE6 /* QuickCalUITests */ = {
			isa = PBXFileSystemSynchronizedRootGroup;
			path = QuickCalUITests;
			sourceTree = "<group>";
		};
/* End PBXFileSystemSynchronizedRootGroup section */

/* Begin PBXFrameworksBuildPhase section */
		8A2E4C092D47C5E30067DEE6 /* Frameworks */ = {
			isa = PBXFrameworksBuildPhase;
			buildActionMask = 2147483647;
			files = (
			);
			runOnlyForDeploymentPostprocessing = 0;
		};
		8A2E4C1A2D47C5E30067DEE6 /* Frameworks */ = {
			isa = PBXFrameworksBuildPhase;
			buildActionMask = 2147483647;
			files = (
			);
			runOnlyForDeploymentPostprocessing = 0;
		};
		8A2E4C242D47C5E30067DEE6 /* Frameworks */ = {
			isa = PBXFrameworksBuildPhase;
			buildActionMask = 2147483647;
			files = (
			);
			runOnlyForDeploymentPostprocessing = 0;
		};
/* End PBXFrameworksBuildPhase section */

/* Begin PBXGroup section */
		8A2E4C032D47C5E30067DEE6 = {
			isa = PBXGroup;
			children = (
				8A2E4C0E2D47C5E30067DEE6 /* QuickCal */,
				8A2E4C202D47C5E30067DEE6 /* QuickCalTests */,
				8A2E4C2A2D47C5E30067DEE6 /* QuickCalUITests */,
				8A2E4C0D2D47C5E30067DEE6 /* Products */,
			);
			sourceTree = "<group>";
		};
		8A2E4C0D2D47C5E30067DEE6 /* Products */ = {
			isa = PBXGroup;
			children = (
				8A2E4C0C2D47C5E30067DEE6 /* QuickCal.app */,
				8A2E4C1D2D47C5E30067DEE6 /* QuickCalTests.xctest */,
				8A2E4C272D47C5E30067DEE6 /* QuickCalUITests.xctest */,
			);
			name = Products;
			sourceTree = "<group>";
		};
/* End PBXGroup section */

/* Begin PBXNativeTarget section */
		8A2E4C0B2D47C5E30067DEE6 /* QuickCal */ = {
			isa = PBXNativeTarget;
			buildConfigurationList = 8A2E4C312D47C5E30067DEE6 /* Build configuration list for PBXNativeTarget "QuickCal" */;
			buildPhases = (
				8A2E4C082D47C5E30067DEE6 /* Sources */,
				8A2E4C092D47C5E30067DEE6 /* Frameworks */,
				8A2E4C0A2D47C5E30067DEE6 /* Resources */,
			);
			buildRules = (
			);
			dependencies = (
			);
			fileSystemSynchronizedGroups = (
				8A2E4C0E2D47C5E30067DEE6 /* QuickCal */,
			);
			name = QuickCal;
			packageProductDependencies = (
			);
			productName = QuickCal;
			productReference = 8A2E4C0C2D47C5E30067DEE6 /* QuickCal.app */;
			productType = "com.apple.product-type.application";
		};
		8A2E4C1C2D47C5E30067DEE6 /* QuickCalTests */ = {
			isa = PBXNativeTarget;
			buildConfigurationList = 8A2E4C342D47C5E30067DEE6 /* Build configuration list for PBXNativeTarget "QuickCalTests" */;
			buildPhases = (
				8A2E4C192D47C5E30067DEE6 /* Sources */,
				8A2E4C1A2D47C5E30067DEE6 /* Frameworks */,
				8A2E4C1B2D47C5E30067DEE6 /* Resources */,
			);
			buildRules = (
			);
			dependencies = (
				8A2E4C1F2D47C5E30067DEE6 /* PBXTargetDependency */,
			);
			fileSystemSynchronizedGroups = (
				8A2E4C202D47C5E30067DEE6 /* QuickCalTests */,
			);
			name = QuickCalTests;
			packageProductDependencies = (
			);
			productName = QuickCalTests;
			productReference = 8A2E4C1D2D47C5E30067DEE6 /* QuickCalTests.xctest */;
			productType = "com.apple.product-type.bundle.unit-test";
		};
		8A2E4C262D47C5E30067DEE6 /* QuickCalUITests */ = {
			isa = PBXNativeTarget;
			buildConfigurationList = 8A2E4C372D47C5E30067DEE6 /* Build configuration list for PBXNativeTarget "QuickCalUITests" */;
			buildPhases = (
				8A2E4C232D47C5E30067DEE6 /* Sources */,
				8A2E4C242D47C5E30067DEE6 /* Frameworks */,
				8A2E4C252D47C5E30067DEE6 /* Resources */,
			);
			buildRules = (
			);
			dependencies = (
				8A2E4C292D47C5E30067DEE6 /* PBXTargetDependency */,
			);
			fileSystemSynchronizedGroups = (
				8A2E4C2A2D47C5E30067DEE6 /* QuickCalUITests */,
			);
			name = QuickCalUITests;
			packageProductDependencies = (
			);
			productName = QuickCalUITests;
			productReference = 8A2E4C272D47C5E30067DEE6 /* QuickCalUITests.xctest */;
			productType = "com.apple.product-type.bundle.ui-testing";
		};
/* End PBXNativeTarget section */

/* Begin PBXProject section */
		8A2E4C042D47C5E30067DEE6 /* Project object */ = {
			isa = PBXProject;
			attributes = {
				BuildIndependentTargetsInParallel = 1;
				LastSwiftUpdateCheck = 1620;
				LastUpgradeCheck = 1620;
				TargetAttributes = {
					8A2E4C0B2D47C5E30067DEE6 = {
						CreatedOnToolsVersion = 16.2;
					};
					8A2E4C1C2D47C5E30067DEE6 = {
						CreatedOnToolsVersion = 16.2;
						TestTargetID = 8A2E4C0B2D47C5E30067DEE6;
					};
					8A2E4C262D47C5E30067DEE6 = {
						CreatedOnToolsVersion = 16.2;
						TestTargetID = 8A2E4C0B2D47C5E30067DEE6;
					};
				};
			};
			buildConfigurationList = 8A2E4C072D47C5E30067DEE6 /* Build configuration list for PBXProject "QuickCal" */;
			developmentRegion = en;
			hasScannedForEncodings = 0;
			knownRegions = (
				en,
				Base,
			);
			mainGroup = 8A2E4C032D47C5E30067DEE6;
			minimizedProjectReferenceProxies = 1;
			preferredProjectObjectVersion = 77;
			productRefGroup = 8A2E4C0D2D47C5E30067DEE6 /* Products */;
			projectDirPath = "";
			projectRoot = "";
			targets = (
				8A2E4C0B2D47C5E30067DEE6 /* QuickCal */,
				8A2E4C1C2D47C5E30067DEE6 /* QuickCalTests */,
				8A2E4C262D47C5E30067DEE6 /* QuickCalUITests */,
			);
		};
/* End PBXProject section */

/* Begin PBXResourcesBuildPhase section */
		8A2E4C0A2D47C5E30067DEE6 /* Resources */ = {
			isa = PBXResourcesBuildPhase;
			buildActionMask = 2147483647;
			files = (
			);
			runOnlyForDeploymentPostprocessing = 0;
		};
		8A2E4C1B2D47C5E30067DEE6 /* Resources */ = {
			isa = PBXResourcesBuildPhase;
			buildActionMask = 2147483647;
			files = (
			);
			runOnlyForDeploymentPostprocessing = 0;
		};
		8A2E4C252D47C5E30067DEE6 /* Resources */ = {
			isa = PBXResourcesBuildPhase;
			buildActionMask = 2147483647;
			files = (
			);
			runOnlyForDeploymentPostprocessing = 0;
		};
/* End PBXResourcesBuildPhase section */

/* Begin PBXSourcesBuildPhase section */
		8A2E4C082D47C5E30067DEE6 /* Sources */ = {
			isa = PBXSourcesBuildPhase;
			buildActionMask = 2147483647;
			files = (
			);
			runOnlyForDeploymentPostprocessing = 0;
		};
		8A2E4C192D47C5E30067DEE6 /* Sources */ = {
			isa = PBXSourcesBuildPhase;
			buildActionMask = 2147483647;
			files = (
			);
			runOnlyForDeploymentPostprocessing = 0;
		};
		8A2E4C232D47C5E30067DEE6 /* Sources */ = {
			isa = PBXSourcesBuildPhase;
			buildActionMask = 2147483647;
			files = (
			);
			runOnlyForDeploymentPostprocessing = 0;
		};
/* End PBXSourcesBuildPhase section */

/* Begin PBXTargetDependency section */
		8A2E4C1F2D47C5E30067DEE6 /* PBXTargetDependency */ = {
			isa = PBXTargetDependency;
			target = 8A2E4C0B2D47C5E30067DEE6 /* QuickCal */;
			targetProxy = 8A2E4C1E2D47C5E30067DEE6 /* PBXContainerItemProxy */;
		};
		8A2E4C292D47C5E30067DEE6 /* PBXTargetDependency */ = {
			isa = PBXTargetDependency;
			target = 8A2E4C0B2D47C5E30067DEE6 /* QuickCal */;
			targetProxy = 8A2E4C282D47C5E30067DEE6 /* PBXContainerItemProxy */;
		};
/* End PBXTargetDependency section */

/* Begin XCBuildConfiguration section */
		8A2E4C2F2D47C5E30067DEE6 /* Debug */ = {
			isa = XCBuildConfiguration;
			buildSettings = {
				ALWAYS_SEARCH_USER_PATHS = NO;
				ASSETCATALOG_COMPILER_GENERATE_SWIFT_ASSET_SYMBOL_EXTENSIONS = YES;
				CLANG_ANALYZER_NONNULL = YES;
				CLANG_ANALYZER_NUMBER_OBJECT_CONVERSION = YES_AGGRESSIVE;
				CLANG_CXX_LANGUAGE_STANDARD = "gnu++20";
				CLANG_ENABLE_MODULES = YES;
				CLANG_ENABLE_OBJC_ARC = YES;
				CLANG_ENABLE_OBJC_WEAK = YES;
				CLANG_WARN_BLOCK_CAPTURE_AUTORELEASING = YES;
				CLANG_WARN_BOOL_CONVERSION = YES;
				CLANG_WARN_COMMA = YES;
				CLANG_WARN_CONSTANT_CONVERSION = YES;
				CLANG_WARN_DEPRECATED_OBJC_IMPLEMENTATIONS = YES;
				CLANG_WARN_DIRECT_OBJC_ISA_USAGE = YES_ERROR;
				CLANG_WARN_DOCUMENTATION_COMMENTS = YES;
				CLANG_WARN_EMPTY_BODY = YES;
				CLANG_WARN_ENUM_CONVERSION = YES;
				CLANG_WARN_INFINITE_RECURSION = YES;
				CLANG_WARN_INT_CONVERSION = YES;
				CLANG_WARN_NON_LITERAL_NULL_CONVERSION = YES;
				CLANG_WARN_OBJC_IMPLICIT_RETAIN_SELF = YES;
				CLANG_WARN_OBJC_LITERAL_CONVERSION = YES;
				CLANG_WARN_OBJC_ROOT_CLASS = YES_ERROR;
				CLANG_WARN_QUOTED_INCLUDE_IN_FRAMEWORK_HEADER = YES;
				CLANG_WARN_RANGE_LOOP_ANALYSIS = YES;
				CLANG_WARN_STRICT_PROTOTYPES = YES;
				CLANG_WARN_SUSPICIOUS_MOVE = YES;
				CLANG_WARN_UNGUARDED_AVAILABILITY = YES_AGGRESSIVE;
				CLANG_WARN_UNREACHABLE_CODE = YES;
				CLANG_WARN__DUPLICATE_METHOD_MATCH = YES;
				COPY_PHASE_STRIP = NO;
				DEBUG_INFORMATION_FORMAT = dwarf;
				ENABLE_STRICT_OBJC_MSGSEND = YES;
				ENABLE_TESTABILITY = YES;
				ENABLE_USER_SCRIPT_SANDBOXING = YES;
				GCC_C_LANGUAGE_STANDARD = gnu17;
				GCC_DYNAMIC_NO_PIC = NO;
				GCC_NO_COMMON_BLOCKS = YES;
				GCC_OPTIMIZATION_LEVEL = 0;
				GCC_PREPROCESSOR_DEFINITIONS = (
					"DEBUG=1",
					"$(inherited)",
				);
				GCC_WARN_64_TO_32_BIT_CONVERSION = YES;
				GCC_WARN_ABOUT_RETURN_TYPE = YES_ERROR;
				GCC_WARN_UNDECLARED_SELECTOR = YES;
				GCC_WARN_UNINITIALIZED_AUTOS = YES_AGGRESSIVE;
				GCC_WARN_UNUSED_FUNCTION = YES;
				GCC_WARN_UNUSED_VARIABLE = YES;
				LOCALIZATION_PREFERS_STRING_CATALOGS = YES;
				MACOSX_DEPLOYMENT_TARGET = 15.1;
				MTL_ENABLE_DEBUG_INFO = INCLUDE_SOURCE;
				MTL_FAST_MATH = YES;
				ONLY_ACTIVE_ARCH = YES;
				SDKROOT = macosx;
				SWIFT_ACTIVE_COMPILATION_CONDITIONS = "DEBUG $(inherited)";
				SWIFT_OPTIMIZATION_LEVEL = "-Onone";
			};
			name = Debug;
		};
		8A2E4C302D47C5E30067DEE6 /* Release */ = {
			isa = XCBuildConfiguration;
			buildSettings = {
				ALWAYS_SEARCH_USER_PATHS = NO;
				ASSETCATALOG_COMPILER_GENERATE_SWIFT_ASSET_SYMBOL_EXTENSIONS = YES;
				CLANG_ANALYZER_NONNULL = YES;
				CLANG_ANALYZER_NUMBER_OBJECT_CONVERSION = YES_AGGRESSIVE;
				CLANG_CXX_LANGUAGE_STANDARD = "gnu++20";
				CLANG_ENABLE_MODULES = YES;
				CLANG_ENABLE_OBJC_ARC = YES;
				CLANG_ENABLE_OBJC_WEAK = YES;
				CLANG_WARN_BLOCK_CAPTURE_AUTORELEASING = YES;
				CLANG_WARN_BOOL_CONVERSION = YES;
				CLANG_WARN_COMMA = YES;
				CLANG_WARN_CONSTANT_CONVERSION = YES;
				CLANG_WARN_DEPRECATED_OBJC_IMPLEMENTATIONS = YES;
				CLANG_WARN_DIRECT_OBJC_ISA_USAGE = YES_ERROR;
				CLANG_WARN_DOCUMENTATION_COMMENTS = YES;
				CLANG_WARN_EMPTY_BODY = YES;
				CLANG_WARN_ENUM_CONVERSION = YES;
				CLANG_WARN_INFINITE_RECURSION = YES;
				CLANG_WARN_INT_CONVERSION = YES;
				CLANG_WARN_NON_LITERAL_NULL_CONVERSION = YES;
				CLANG_WARN_OBJC_IMPLICIT_RETAIN_SELF = YES;
				CLANG_WARN_OBJC_LITERAL_CONVERSION = YES;
				CLANG_WARN_OBJC_ROOT_CLASS = YES_ERROR;
				CLANG_WARN_QUOTED_INCLUDE_IN_FRAMEWORK_HEADER = YES;
				CLANG_WARN_RANGE_LOOP_ANALYSIS = YES;
				CLANG_WARN_STRICT_PROTOTYPES = YES;
				CLANG_WARN_SUSPICIOUS_MOVE = YES;
				CLANG_WARN_UNGUARDED_AVAILABILITY = YES_AGGRESSIVE;
				CLANG_WARN_UNREACHABLE_CODE = YES;
				CLANG_WARN__DUPLICATE_METHOD_MATCH = YES;
				COPY_PHASE_STRIP = NO;
				DEBUG_INFORMATION_FORMAT = "dwarf-with-dsym";
				ENABLE_NS_ASSERTIONS = NO;
				ENABLE_STRICT_OBJC_MSGSEND = YES;
				ENABLE_USER_SCRIPT_SANDBOXING = YES;
				GCC_C_LANGUAGE_STANDARD = gnu17;
				GCC_NO_COMMON_BLOCKS = YES;
				GCC_WARN_64_TO_32_BIT_CONVERSION = YES;
				GCC_WARN_ABOUT_RETURN_TYPE = YES_ERROR;
				GCC_WARN_UNDECLARED_SELECTOR = YES;
				GCC_WARN_UNINITIALIZED_AUTOS = YES_AGGRESSIVE;
				GCC_WARN_UNUSED_FUNCTION = YES;
				GCC_WARN_UNUSED_VARIABLE = YES;
				LOCALIZATION_PREFERS_STRING_CATALOGS = YES;
				MACOSX_DEPLOYMENT_TARGET = 15.1;
				MTL_ENABLE_DEBUG_INFO = NO;
				MTL_FAST_MATH = YES;
				SDKROOT = macosx;
				SWIFT_COMPILATION_MODE = wholemodule;
			};
			name = Release;
		};
		8A2E4C322D47C5E30067DEE6 /* Debug */ = {
			isa = XCBuildConfiguration;
			buildSettings = {
				ASSETCATALOG_COMPILER_APPICON_NAME = AppIcon;
				ASSETCATALOG_COMPILER_GLOBAL_ACCENT_COLOR_NAME = AccentColor;
				CODE_SIGN_ENTITLEMENTS = QuickCal/QuickCal.entitlements;
				CODE_SIGN_STYLE = Automatic;
				COMBINE_HIDPI_IMAGES = YES;
				CURRENT_PROJECT_VERSION = 1;
				DEVELOPMENT_ASSET_PATHS = "\"QuickCal/Preview Content\"";
				ENABLE_PREVIEWS = YES;
				GENERATE_INFOPLIST_FILE = YES;
				INFOPLIST_FILE = QuickCal/Info.plist;
				INFOPLIST_KEY_NSCalendarsUsageDescription = "This app requires access to your calendar to display upcoming events.";
				INFOPLIST_KEY_NSHumanReadableCopyright = "";
				LD_RUNPATH_SEARCH_PATHS = (
					"$(inherited)",
					"@executable_path/../Frameworks",
				);
				MARKETING_VERSION = 1.0;
				PRODUCT_BUNDLE_IDENTIFIER = tordjohansson.QuickCal;
				PRODUCT_NAME = "$(TARGET_NAME)";
				SWIFT_EMIT_LOC_STRINGS = YES;
				SWIFT_VERSION = 5.0;
			};
			name = Debug;
		};
		8A2E4C332D47C5E30067DEE6 /* Release */ = {
			isa = XCBuildConfiguration;
			buildSettings = {
				ASSETCATALOG_COMPILER_APPICON_NAME = AppIcon;
				ASSETCATALOG_COMPILER_GLOBAL_ACCENT_COLOR_NAME = AccentColor;
				CODE_SIGN_ENTITLEMENTS = QuickCal/QuickCal.entitlements;
				CODE_SIGN_STYLE = Automatic;
				COMBINE_HIDPI_IMAGES = YES;
				CURRENT_PROJECT_VERSION = 1;
				DEVELOPMENT_ASSET_PATHS = "\"QuickCal/Preview Content\"";
				ENABLE_PREVIEWS = YES;
				GENERATE_INFOPLIST_FILE = YES;
				INFOPLIST_FILE = QuickCal/Info.plist;
				INFOPLIST_KEY_NSCalendarsUsageDescription = "This app requires access to your calendar to display upcoming events.";
				INFOPLIST_KEY_NSHumanReadableCopyright = "";
				LD_RUNPATH_SEARCH_PATHS = (
					"$(inherited)",
					"@executable_path/../Frameworks",
				);
				MARKETING_VERSION = 1.0;
				PRODUCT_BUNDLE_IDENTIFIER = tordjohansson.QuickCal;
				PRODUCT_NAME = "$(TARGET_NAME)";
				SWIFT_EMIT_LOC_STRINGS = YES;
				SWIFT_VERSION = 5.0;
			};
			name = Release;
		};
		8A2E4C352D47C5E30067DEE6 /* Debug */ = {
			isa = XCBuildConfiguration;
			buildSettings = {
				BUNDLE_LOADER = "$(TEST_HOST)";
				CODE_SIGN_STYLE = Automatic;
				CURRENT_PROJECT_VERSION = 1;
				GENERATE_INFOPLIST_FILE = YES;
				MACOSX_DEPLOYMENT_TARGET = 15.1;
				MARKETING_VERSION = 1.0;
				PRODUCT_BUNDLE_IDENTIFIER = tordjohansson.QuickCalTests;
				PRODUCT_NAME = "$(TARGET_NAME)";
				SWIFT_EMIT_LOC_STRINGS = NO;
				SWIFT_VERSION = 5.0;
				TEST_HOST = "$(BUILT_PRODUCTS_DIR)/QuickCal.app/$(BUNDLE_EXECUTABLE_FOLDER_PATH)/QuickCal";
			};
			name = Debug;
		};
		8A2E4C362D47C5E30067DEE6 /* Release */ = {
			isa = XCBuildConfiguration;
			buildSettings = {
				BUNDLE_LOADER = "$(TEST_HOST)";
				CODE_SIGN_STYLE = Automatic;
				CURRENT_PROJECT_VERSION = 1;
				GENERATE_INFOPLIST_FILE = YES;
				MACOSX_DEPLOYMENT_TARGET = 15.1;
				MARKETING_VERSION = 1.0;
				PRODUCT_BUNDLE_IDENTIFIER = tordjohansson.QuickCalTests;
				PRODUCT_NAME = "$(TARGET_NAME)";
				SWIFT_EMIT_LOC_STRINGS = NO;
				SWIFT_VERSION = 5.0;
				TEST_HOST = "$(BUILT_PRODUCTS_DIR)/QuickCal.app/$(BUNDLE_EXECUTABLE_FOLDER_PATH)/QuickCal";
			};
			name = Release;
		};
		8A2E4C382D47C5E30067DEE6 /* Debug */ = {
			isa = XCBuildConfiguration;
			buildSettings = {
				CODE_SIGN_STYLE = Automatic;
				CURRENT_PROJECT_VERSION = 1;
				GENERATE_INFOPLIST_FILE = YES;
				MARKETING_VERSION = 1.0;
				PRODUCT_BUNDLE_IDENTIFIER = tordjohansson.QuickCalUITests;
				PRODUCT_NAME = "$(TARGET_NAME)";
				SWIFT_EMIT_LOC_STRINGS = NO;
				SWIFT_VERSION = 5.0;
				TEST_TARGET_NAME = QuickCal;
			};
			name = Debug;
		};
		8A2E4C392D47C5E30067DEE6 /* Release */ = {
			isa = XCBuildConfiguration;
			buildSettings = {
				CODE_SIGN_STYLE = Automatic;
				CURRENT_PROJECT_VERSION = 1;
				GENERATE_INFOPLIST_FILE = YES;
				MARKETING_VERSION = 1.0;
				PRODUCT_BUNDLE_IDENTIFIER = tordjohansson.QuickCalUITests;
				PRODUCT_NAME = "$(TARGET_NAME)";
				SWIFT_EMIT_LOC_STRINGS = NO;
				SWIFT_VERSION = 5.0;
				TEST_TARGET_NAME = QuickCal;
			};
			name = Release;
		};
/* End XCBuildConfiguration section */

/* Begin XCConfigurationList section */
		8A2E4C072D47C5E30067DEE6 /* Build configuration list for PBXProject "QuickCal" */ = {
			isa = XCConfigurationList;
			buildConfigurations = (
				8A2E4C2F2D47C5E30067DEE6 /* Debug */,
				8A2E4C302D47C5E30067DEE6 /* Release */,
			);
			defaultConfigurationIsVisible = 0;
			defaultConfigurationName = Release;
		};
		8A2E4C312D47C5E30067DEE6 /* Build configuration list for PBXNativeTarget "QuickCal" */ = {
			isa = XCConfigurationList;
			buildConfigurations = (
				8A2E4C322D47C5E30067DEE6 /* Debug */,
				8A2E4C332D47C5E30067DEE6 /* Release */,
			);
			defaultConfigurationIsVisible = 0;
			defaultConfigurationName = Release;
		};
		8A2E4C342D47C5E30067DEE6 /* Build configuration list for PBXNativeTarget "QuickCalTests" */ = {
			isa = XCConfigurationList;
			buildConfigurations = (
				8A2E4C352D47C5E30067DEE6 /* Debug */,
				8A2E4C362D47C5E30067DEE6 /* Release */,
			);
			defaultConfigurationIsVisible = 0;
			defaultConfigurationName = Release;
		};
		8A2E4C372D47C5E30067DEE6 /* Build configuration list for PBXNativeTarget "QuickCalUITests" */ = {
			isa = XCConfigurationList;
			buildConfigurations = (
				8A2E4C382D47C5E30067DEE6 /* Debug */,
				8A2E4C392D47C5E30067DEE6 /* Release */,
			);
			defaultConfigurationIsVisible = 0;
			defaultConfigurationName = Release;
		};
/* End XCConfigurationList section */
	};
	rootObject = 8A2E4C042D47C5E30067DEE6 /* Project object */;
}
